
Microsoft Visual Studio Solution File, Format Version 12.00
# Visual Studio 15
VisualStudioVersion = 15.0.27130.0
MinimumVisualStudioVersion = 10.0.40219.1
Project("{FAE04EC0-301F-11D3-BF4B-00C04F79EFBC}") = "FindDragDrop2", "FindDragDrop2\FindDragDrop2.csproj", "{3732C5CC-FCC8-455A-BDEC-A898776B279F}"
EndProject
Global
	GlobalSection(SolutionConfigurationPlatforms) = preSolution
		Debug|Any CPU = Debug|Any CPU
		Release|Any CPU = Release|Any CPU
	EndGlobalSection
	GlobalSection(ProjectConfigurationPlatforms) = postSolution
		{3732C5CC-FCC8-455A-BDEC-A898776B279F}.Debug|Any CPU.ActiveCfg = Debug|Any CPU
		{3732C5CC-FCC8-455A-BDEC-A898776B279F}.Debug|Any CPU.Build.0 = Debug|Any CPU
		{3732C5CC-FCC8-455A-BDEC-A898776B279F}.Release|Any CPU.ActiveCfg = Release|Any CPU
		{3732C5CC-FCC8-455A-BDEC-A898776B279F}.Release|Any CPU.Build.0 = Release|Any CPU
	EndGlobalSection
	GlobalSection(SolutionProperties) = preSolution
		HideSolutionNode = FALSE
	EndGlobalSection
	GlobalSection(ExtensibilityGlobals) = postSolution
		SolutionGuid = {9467CD7A-7617-4F86-8BBC-1C9F81011D08}
	EndGlobalSection
EndGlobal
